
Microsoft Visual Studio Solution File, Format Version 12.00
# Visual Studio Version 17
VisualStudioVersion = 17.1.32210.238
MinimumVisualStudioVersion = 10.0.40219.1
Project("{FAE04EC0-301F-11D3-BF4B-00C04F79EFBC}") = "modul5_1302204090", "modul5_1302204090\modul5_1302204090.csproj", "{675FABD0-7FB9-4A78-B944-B5A24A7CF935}"
EndProject
Global
	GlobalSection(SolutionConfigurationPlatforms) = preSolution
		Debug|Any CPU = Debug|Any CPU
		Release|Any CPU = Release|Any CPU
	EndGlobalSection
	GlobalSection(ProjectConfigurationPlatforms) = postSolution
		{675FABD0-7FB9-4A78-B944-B5A24A7CF935}.Debug|Any CPU.ActiveCfg = Debug|Any CPU
		{675FABD0-7FB9-4A78-B944-B5A24A7CF935}.Debug|Any CPU.Build.0 = Debug|Any CPU
		{675FABD0-7FB9-4A78-B944-B5A24A7CF935}.Release|Any CPU.ActiveCfg = Release|Any CPU
		{675FABD0-7FB9-4A78-B944-B5A24A7CF935}.Release|Any CPU.Build.0 = Release|Any CPU
	EndGlobalSection
	GlobalSection(SolutionProperties) = preSolution
		HideSolutionNode = FALSE
	EndGlobalSection
	GlobalSection(ExtensibilityGlobals) = postSolution
		SolutionGuid = {BB5D4C87-06E8-4508-9A59-7E2D3414947C}
	EndGlobalSection
EndGlobal
